
Microsoft Visual Studio Solution File, Format Version 12.00
# Visual Studio Version 16
VisualStudioVersion = 16.0.29230.61
MinimumVisualStudioVersion = 10.0.40219.1
Project("{FAE04EC0-301F-11D3-BF4B-00C04F79EFBC}") = "MoneyCalc", "MoneyCalc.csproj", "{8594BF8C-DDF9-4227-AFE5-43A4A21AF3F8}"
EndProject
Global
	GlobalSection(SolutionConfigurationPlatforms) = preSolution
		Debug|Any CPU = Debug|Any CPU
		Release|Any CPU = Release|Any CPU
	EndGlobalSection
	GlobalSection(ProjectConfigurationPlatforms) = postSolution
		{8594BF8C-DDF9-4227-AFE5-43A4A21AF3F8}.Debug|Any CPU.ActiveCfg = Debug|Any CPU
		{8594BF8C-DDF9-4227-AFE5-43A4A21AF3F8}.Debug|Any CPU.Build.0 = Debug|Any CPU
		{8594BF8C-DDF9-4227-AFE5-43A4A21AF3F8}.Release|Any CPU.ActiveCfg = Release|Any CPU
		{8594BF8C-DDF9-4227-AFE5-43A4A21AF3F8}.Release|Any CPU.Build.0 = Release|Any CPU
	EndGlobalSection
	GlobalSection(SolutionProperties) = preSolution
		HideSolutionNode = FALSE
	EndGlobalSection
	GlobalSection(ExtensibilityGlobals) = postSolution
		SolutionGuid = {A619BCA8-63AB-4DAD-A9AF-928B39F13958}
	EndGlobalSection
EndGlobal
